# This file is autogenerated, do not edit; changes may be undone by the next 'dep ensure'.

memo = "d6aa46db463d1635943c0b499f71840aed790e4475cc14f998b5adf4444be1a3"

[[projects]]
  branch = "master"
  name = "github.com/sclevine/agouti"
  packages = [".","api","api/internal/bus","api/internal/service","internal/element","internal/target"]
  revision = "96599c91888f1b1cf2dccc7f1776ba7f511909e5"

[[projects]]
  branch = "master"
  name = "github.com/shouji-kazuo/cli-reqflags"
  packages = ["."]
  revision = "fd04ca02e9cd2defe4ca2495d6f1fd4fc10bbbd9"

[[projects]]
  branch = "master"
  name = "golang.org/x/crypto"
  packages = ["ssh/terminal"]
  revision = "d6449816ce06963d9d136eee5a56fca5b0616e7e"

[[projects]]
  branch = "master"
  name = "golang.org/x/sys"
  packages = ["unix","windows"]
  revision = "2281fa97ef7b0c26324634d5a22f04babdac8713"

[[projects]]
  branch = "v2"
  name = "gopkg.in/urfave/cli.v2"
  packages = ["."]
  revision = "50a0fdeea6330854c7b05371cce1fac8c7e636d2"
